schema: '2.0'
stages:
  load_data:
    cmd: python src/load_data.py --config=params.yaml
    deps:
    - path: data_given/winequality.csv
      md5: ccc8d3507eb151f53f760d36abdef888
      size: 91998
    - path: src/get_data.py
      md5: 88e7ed3316811b6af4ac0f887d06c011
      size: 660
    - path: src/load_data.py
      md5: ea316edbed43d93291e93f7723fdcc7f
      size: 584
    outs:
    - path: data/raw/winequality.csv
      md5: d98e8f2eca228c11c4de1cc96866a54d
      size: 93598
  split_data:
    cmd: python src/split_data.py --config=params.yaml
    deps:
    - path: data/raw/winequality.csv
      md5: d98e8f2eca228c11c4de1cc96866a54d
      size: 93598
    - path: src/split_data.py
      md5: 9769d049363c028559abf2759c4329d9
      size: 1033
    outs:
    - path: data/processed/test_winequality.csv
      md5: 9fc315be331ef03407aa0540d4f44f1a
      size: 18826
    - path: data/processed/train_winequality.csv
      md5: 0a6bb31b54424b9474741171ec967017
      size: 74918
  train_and_evaluate:
    cmd: python src/train_and_evaluate.py --config=params.yaml
    deps:
    - path: data/processed/test_winequality.csv
      md5: 9fc315be331ef03407aa0540d4f44f1a
      size: 18826
    - path: data/processed/train_winequality.csv
      md5: 0a6bb31b54424b9474741171ec967017
      size: 74918
    - path: src/train_and_evaluate.py
      md5: 29700982ac3aacb69bcdf773b7a84dc5
      size: 3431
    params:
      params.yaml:
        estimator.ElasticNet.params.alphas: 0.68
        estimator.ElasticNet.params.l1_ratio: 0.9
  log_production_model:
    cmd: python src/train_and_evaluate.py --config=params.yaml
    deps:
    - path: src/log_production_model.py
      md5: 8c9fcb8ee2f3162c38cb023372dfca5e
      size: 1793
